
Microsoft Visual Studio Solution File, Format Version 11.00
# Visual Studio 2010
Project("{FAE04EC0-301F-11D3-BF4B-00C04F79EFBC}") = "Assembly-CSharp", "Assembly-CSharp.csproj", "{7090E514-5C4E-11C7-0DE3-E5293FD44C34}"
EndProject
Project("{FAE04EC0-301F-11D3-BF4B-00C04F79EFBC}") = "Assembly-CSharp-Editor", "Assembly-CSharp-Editor.csproj", "{C9117B06-10B8-CCF2-2696-F7BDA0B01A84}"
EndProject
Global
	GlobalSection(SolutionConfigurationPlatforms) = preSolution
		Debug|Any CPU = Debug|Any CPU
		Release|Any CPU = Release|Any CPU
	EndGlobalSection
	GlobalSection(ProjectConfigurationPlatforms) = postSolution
		{7090E514-5C4E-11C7-0DE3-E5293FD44C34}.Debug|Any CPU.ActiveCfg = Debug|Any CPU
		{7090E514-5C4E-11C7-0DE3-E5293FD44C34}.Debug|Any CPU.Build.0 = Debug|Any CPU
		{7090E514-5C4E-11C7-0DE3-E5293FD44C34}.Release|Any CPU.ActiveCfg = Release|Any CPU
		{7090E514-5C4E-11C7-0DE3-E5293FD44C34}.Release|Any CPU.Build.0 = Release|Any CPU
		{C9117B06-10B8-CCF2-2696-F7BDA0B01A84}.Debug|Any CPU.ActiveCfg = Debug|Any CPU
		{C9117B06-10B8-CCF2-2696-F7BDA0B01A84}.Debug|Any CPU.Build.0 = Debug|Any CPU
		{C9117B06-10B8-CCF2-2696-F7BDA0B01A84}.Release|Any CPU.ActiveCfg = Release|Any CPU
		{C9117B06-10B8-CCF2-2696-F7BDA0B01A84}.Release|Any CPU.Build.0 = Release|Any CPU
	EndGlobalSection
	GlobalSection(SolutionProperties) = preSolution
		HideSolutionNode = FALSE
	EndGlobalSection
EndGlobal
